dependencies:
- name: mysql
  repository: https://charts.bitnami.com/bitnami
  version: 14.0.3
- name: postgresql
  repository: https://charts.bitnami.com/bitnami
  version: 18.7.2
- name: redis-ha
  repository: https://dandydeveloper.github.io/charts
  version: 4.35.10
digest: sha256:9566d7b61fe7cf743769d7a62be0656ab9f104bc93efad19da0651d5a90f44ae
generated: "2026-06-09T03:26:20.9469071+03:30"
